
Microsoft Visual Studio Solution File, Format Version 12.00
# Visual Studio Version 17
VisualStudioVersion = 17.6.33829.357
MinimumVisualStudioVersion = 10.0.40219.1
Project("{FAE04EC0-301F-11D3-BF4B-00C04F79EFBC}") = "Btvn_bai2", "Btvn_bai2\Btvn_bai2.csproj", "{61BD7CCC-9456-4B77-9A6B-96BDEC571CAC}"
EndProject
Global
	GlobalSection(SolutionConfigurationPlatforms) = preSolution
		Debug|Any CPU = Debug|Any CPU
		Release|Any CPU = Release|Any CPU
	EndGlobalSection
	GlobalSection(ProjectConfigurationPlatforms) = postSolution
		{61BD7CCC-9456-4B77-9A6B-96BDEC571CAC}.Debug|Any CPU.ActiveCfg = Debug|Any CPU
		{61BD7CCC-9456-4B77-9A6B-96BDEC571CAC}.Debug|Any CPU.Build.0 = Debug|Any CPU
		{61BD7CCC-9456-4B77-9A6B-96BDEC571CAC}.Release|Any CPU.ActiveCfg = Release|Any CPU
		{61BD7CCC-9456-4B77-9A6B-96BDEC571CAC}.Release|Any CPU.Build.0 = Release|Any CPU
	EndGlobalSection
	GlobalSection(SolutionProperties) = preSolution
		HideSolutionNode = FALSE
	EndGlobalSection
	GlobalSection(ExtensibilityGlobals) = postSolution
		SolutionGuid = {64DD2E8D-B404-480E-A7CB-B7A69E5445FD}
	EndGlobalSection
EndGlobal
