
Microsoft Visual Studio Solution File, Format Version 12.00
# Visual Studio Version 17
VisualStudioVersion = 17.6.33829.357
MinimumVisualStudioVersion = 10.0.40219.1
Project("{FAE04EC0-301F-11D3-BF4B-00C04F79EFBC}") = "Btvn_bai1", "Btvn_bai1\Btvn_bai1.csproj", "{A0A94B78-6040-446C-86EC-B306413320CB}"
EndProject
Global
	GlobalSection(SolutionConfigurationPlatforms) = preSolution
		Debug|Any CPU = Debug|Any CPU
		Release|Any CPU = Release|Any CPU
	EndGlobalSection
	GlobalSection(ProjectConfigurationPlatforms) = postSolution
		{A0A94B78-6040-446C-86EC-B306413320CB}.Debug|Any CPU.ActiveCfg = Debug|Any CPU
		{A0A94B78-6040-446C-86EC-B306413320CB}.Debug|Any CPU.Build.0 = Debug|Any CPU
		{A0A94B78-6040-446C-86EC-B306413320CB}.Release|Any CPU.ActiveCfg = Release|Any CPU
		{A0A94B78-6040-446C-86EC-B306413320CB}.Release|Any CPU.Build.0 = Release|Any CPU
	EndGlobalSection
	GlobalSection(SolutionProperties) = preSolution
		HideSolutionNode = FALSE
	EndGlobalSection
	GlobalSection(ExtensibilityGlobals) = postSolution
		SolutionGuid = {D2F082DD-8602-40D9-89BE-B8051B355FEA}
	EndGlobalSection
EndGlobal
